
Microsoft Visual Studio Solution File, Format Version 12.00
Project("{2150E333-8FDC-42A3-9474-1A3956D46DE8}") = "src", "src", "{E81FDB3D-17DA-4A0E-AEDB-EEC19D4AB5CA}"
EndProject
Project("{2150E333-8FDC-42A3-9474-1A3956D46DE8}") = "tests", "tests", "{DCAC05EC-E00F-440A-993E-4FEE1B55A4C4}"
EndProject
Project("{2150E333-8FDC-42A3-9474-1A3956D46DE8}") = "common", "common", "{F53ADFC9-2FF2-4E83-AD79-EEC7628B66A6}"
EndProject
Project("{FAE04EC0-301F-11D3-BF4B-00C04F79EFBC}") = "Application", "src\Application\Application.csproj", "{973DCA77-8C9C-4FDB-9067-332C0F681D8C}"
EndProject
Project("{FAE04EC0-301F-11D3-BF4B-00C04F79EFBC}") = "Domain", "src\Domain\Domain.csproj", "{CEDC36FE-96AF-4889-97A3-D011B0975A0E}"
EndProject
Project("{FAE04EC0-301F-11D3-BF4B-00C04F79EFBC}") = "Infrastructure", "src\Infrastructure\Infrastructure.csproj", "{A2E0A355-5C03-4032-985D-96CD2AE45394}"
EndProject
Project("{FAE04EC0-301F-11D3-BF4B-00C04F79EFBC}") = "Application.Tests", "tests\Application.Tests\Application.Tests.csproj", "{EFDCA2B6-0ABD-40E3-9A17-F14E67736D2B}"
EndProject
Project("{FAE04EC0-301F-11D3-BF4B-00C04F79EFBC}") = "Domain.Tests", "tests\Domain.Tests\Domain.Tests.csproj", "{9FFC1CF5-28CB-439F-AC16-1CF3CDC6B2F9}"
EndProject
Project("{FAE04EC0-301F-11D3-BF4B-00C04F79EFBC}") = "Infrastructure.Tests", "tests\Infrastructure.Tests\Infrastructure.Tests.csproj", "{91A75FDD-7E15-4955-AC79-5AFD8436094D}"
EndProject
Global
	GlobalSection(SolutionConfigurationPlatforms) = preSolution
		Debug|Any CPU = Debug|Any CPU
		Release|Any CPU = Release|Any CPU
	EndGlobalSection
	GlobalSection(ProjectConfigurationPlatforms) = postSolution
		{973DCA77-8C9C-4FDB-9067-332C0F681D8C}.Debug|Any CPU.ActiveCfg = Debug|Any CPU
		{973DCA77-8C9C-4FDB-9067-332C0F681D8C}.Debug|Any CPU.Build.0 = Debug|Any CPU
		{973DCA77-8C9C-4FDB-9067-332C0F681D8C}.Release|Any CPU.ActiveCfg = Release|Any CPU
		{973DCA77-8C9C-4FDB-9067-332C0F681D8C}.Release|Any CPU.Build.0 = Release|Any CPU
		{CEDC36FE-96AF-4889-97A3-D011B0975A0E}.Debug|Any CPU.ActiveCfg = Debug|Any CPU
		{CEDC36FE-96AF-4889-97A3-D011B0975A0E}.Debug|Any CPU.Build.0 = Debug|Any CPU
		{CEDC36FE-96AF-4889-97A3-D011B0975A0E}.Release|Any CPU.ActiveCfg = Release|Any CPU
		{CEDC36FE-96AF-4889-97A3-D011B0975A0E}.Release|Any CPU.Build.0 = Release|Any CPU
		{A2E0A355-5C03-4032-985D-96CD2AE45394}.Debug|Any CPU.ActiveCfg = Debug|Any CPU
		{A2E0A355-5C03-4032-985D-96CD2AE45394}.Debug|Any CPU.Build.0 = Debug|Any CPU
		{A2E0A355-5C03-4032-985D-96CD2AE45394}.Release|Any CPU.ActiveCfg = Release|Any CPU
		{A2E0A355-5C03-4032-985D-96CD2AE45394}.Release|Any CPU.Build.0 = Release|Any CPU
		{EFDCA2B6-0ABD-40E3-9A17-F14E67736D2B}.Debug|Any CPU.ActiveCfg = Debug|Any CPU
		{EFDCA2B6-0ABD-40E3-9A17-F14E67736D2B}.Debug|Any CPU.Build.0 = Debug|Any CPU
		{EFDCA2B6-0ABD-40E3-9A17-F14E67736D2B}.Release|Any CPU.ActiveCfg = Release|Any CPU
		{EFDCA2B6-0ABD-40E3-9A17-F14E67736D2B}.Release|Any CPU.Build.0 = Release|Any CPU
		{9FFC1CF5-28CB-439F-AC16-1CF3CDC6B2F9}.Debug|Any CPU.ActiveCfg = Debug|Any CPU
		{9FFC1CF5-28CB-439F-AC16-1CF3CDC6B2F9}.Debug|Any CPU.Build.0 = Debug|Any CPU
		{9FFC1CF5-28CB-439F-AC16-1CF3CDC6B2F9}.Release|Any CPU.ActiveCfg = Release|Any CPU
		{9FFC1CF5-28CB-439F-AC16-1CF3CDC6B2F9}.Release|Any CPU.Build.0 = Release|Any CPU
		{91A75FDD-7E15-4955-AC79-5AFD8436094D}.Debug|Any CPU.ActiveCfg = Debug|Any CPU
		{91A75FDD-7E15-4955-AC79-5AFD8436094D}.Debug|Any CPU.Build.0 = Debug|Any CPU
		{91A75FDD-7E15-4955-AC79-5AFD8436094D}.Release|Any CPU.ActiveCfg = Release|Any CPU
		{91A75FDD-7E15-4955-AC79-5AFD8436094D}.Release|Any CPU.Build.0 = Release|Any CPU
	EndGlobalSection
	GlobalSection(NestedProjects) = preSolution
		{973DCA77-8C9C-4FDB-9067-332C0F681D8C} = {E81FDB3D-17DA-4A0E-AEDB-EEC19D4AB5CA}
		{CEDC36FE-96AF-4889-97A3-D011B0975A0E} = {E81FDB3D-17DA-4A0E-AEDB-EEC19D4AB5CA}
		{A2E0A355-5C03-4032-985D-96CD2AE45394} = {E81FDB3D-17DA-4A0E-AEDB-EEC19D4AB5CA}
		{EFDCA2B6-0ABD-40E3-9A17-F14E67736D2B} = {DCAC05EC-E00F-440A-993E-4FEE1B55A4C4}
		{9FFC1CF5-28CB-439F-AC16-1CF3CDC6B2F9} = {DCAC05EC-E00F-440A-993E-4FEE1B55A4C4}
		{91A75FDD-7E15-4955-AC79-5AFD8436094D} = {DCAC05EC-E00F-440A-993E-4FEE1B55A4C4}
	EndGlobalSection
EndGlobal
